
Microsoft Visual Studio Solution File, Format Version 12.00
# Visual Studio Version 16
VisualStudioVersion = 16.0.30204.135
MinimumVisualStudioVersion = 10.0.40219.1
Project("{FAE04EC0-301F-11D3-BF4B-00C04F79EFBC}") = "kurs", "kurs.csproj", "{39A1C5E2-9FB9-4FA8-89B7-832B747C0821}"
EndProject
Global
	GlobalSection(SolutionConfigurationPlatforms) = preSolution
		Debug|Any CPU = Debug|Any CPU
		Release|Any CPU = Release|Any CPU
	EndGlobalSection
	GlobalSection(ProjectConfigurationPlatforms) = postSolution
		{39A1C5E2-9FB9-4FA8-89B7-832B747C0821}.Debug|Any CPU.ActiveCfg = Debug|Any CPU
		{39A1C5E2-9FB9-4FA8-89B7-832B747C0821}.Debug|Any CPU.Build.0 = Debug|Any CPU
		{39A1C5E2-9FB9-4FA8-89B7-832B747C0821}.Release|Any CPU.ActiveCfg = Release|Any CPU
		{39A1C5E2-9FB9-4FA8-89B7-832B747C0821}.Release|Any CPU.Build.0 = Release|Any CPU
	EndGlobalSection
	GlobalSection(SolutionProperties) = preSolution
		HideSolutionNode = FALSE
	EndGlobalSection
	GlobalSection(ExtensibilityGlobals) = postSolution
		SolutionGuid = {B816116A-9095-4F4E-BECE-A6CDBB0A8B84}
	EndGlobalSection
EndGlobal
